
Microsoft Visual Studio Solution File, Format Version 12.00
# Visual Studio Version 17
VisualStudioVersion = 17.4.33205.214
MinimumVisualStudioVersion = 10.0.40219.1
Project("{FAE04EC0-301F-11D3-BF4B-00C04F79EFBC}") = "ExemploVetor", "ExemploVetor\ExemploVetor.csproj", "{96927568-8CDB-4EEB-A993-ED3C23B3CD75}"
EndProject
Global
	GlobalSection(SolutionConfigurationPlatforms) = preSolution
		Debug|Any CPU = Debug|Any CPU
		Release|Any CPU = Release|Any CPU
	EndGlobalSection
	GlobalSection(ProjectConfigurationPlatforms) = postSolution
		{96927568-8CDB-4EEB-A993-ED3C23B3CD75}.Debug|Any CPU.ActiveCfg = Debug|Any CPU
		{96927568-8CDB-4EEB-A993-ED3C23B3CD75}.Debug|Any CPU.Build.0 = Debug|Any CPU
		{96927568-8CDB-4EEB-A993-ED3C23B3CD75}.Release|Any CPU.ActiveCfg = Release|Any CPU
		{96927568-8CDB-4EEB-A993-ED3C23B3CD75}.Release|Any CPU.Build.0 = Release|Any CPU
	EndGlobalSection
	GlobalSection(SolutionProperties) = preSolution
		HideSolutionNode = FALSE
	EndGlobalSection
	GlobalSection(ExtensibilityGlobals) = postSolution
		SolutionGuid = {574C9F0C-5268-4F9F-A09C-ED127C00F506}
	EndGlobalSection
EndGlobal
