
Microsoft Visual Studio Solution File, Format Version 12.00
# Visual Studio Version 17
VisualStudioVersion = 17.4.33205.214
MinimumVisualStudioVersion = 10.0.40219.1
Project("{FAE04EC0-301F-11D3-BF4B-00C04F79EFBC}") = "Exercicio3_MenorDeTres", "Exercicio3_MenorDeTres\Exercicio3_MenorDeTres.csproj", "{EB270C41-F217-4A40-9083-A696FD0963BA}"
EndProject
Global
	GlobalSection(SolutionConfigurationPlatforms) = preSolution
		Debug|Any CPU = Debug|Any CPU
		Release|Any CPU = Release|Any CPU
	EndGlobalSection
	GlobalSection(ProjectConfigurationPlatforms) = postSolution
		{EB270C41-F217-4A40-9083-A696FD0963BA}.Debug|Any CPU.ActiveCfg = Debug|Any CPU
		{EB270C41-F217-4A40-9083-A696FD0963BA}.Debug|Any CPU.Build.0 = Debug|Any CPU
		{EB270C41-F217-4A40-9083-A696FD0963BA}.Release|Any CPU.ActiveCfg = Release|Any CPU
		{EB270C41-F217-4A40-9083-A696FD0963BA}.Release|Any CPU.Build.0 = Release|Any CPU
	EndGlobalSection
	GlobalSection(SolutionProperties) = preSolution
		HideSolutionNode = FALSE
	EndGlobalSection
	GlobalSection(ExtensibilityGlobals) = postSolution
		SolutionGuid = {6F768A62-CD9B-46CC-A24D-E64912F9E235}
	EndGlobalSection
EndGlobal
